{
  "name": "audit-bad-fixture",
  "version": "1.0.0",
  "lockfileVersion": 2,
  "requires": true,
  "packages": {
    "": {
      "name": "audit-bad-fixture",
      "version": "1.0.0",
      "dependencies": {
        "sha1-pkg": "^1.0.0",
        "placeholder-pkg": "~2.0.0",
        "no-integrity-pkg": "3.0.0",
        "insecure-pkg": "4.0.0",
        "mirror-pkg": "5.0.0"
      }
    },
    "node_modules/sha1-pkg": {
      "version": "1.0.0",
      "resolved": "https://registry.npmjs.org/sha1-pkg/-/sha1-pkg-1.0.0.tgz",
      "integrity": "sha1-DGmTNDpkbAa3j9zRpFb6FAhJR9I="
    },
    "node_modules/placeholder-pkg": {
      "version": "2.0.0",
      "resolved": "https://registry.npmjs.org/placeholder-pkg/-/placeholder-pkg-2.0.0.tgz",
      "integrity": "sha512-PLACEHOLDER"
    },
    "node_modules/no-integrity-pkg": {
      "version": "3.0.0",
      "resolved": "https://registry.npmjs.org/no-integrity-pkg/-/no-integrity-pkg-3.0.0.tgz"
    },
    "node_modules/insecure-pkg": {
      "version": "4.0.0",
      "resolved": "http://registry.npmjs.org/insecure-pkg/-/insecure-pkg-4.0.0.tgz",
      "integrity": "sha512-AAAAAAAAAAAAAAAAAAAAAAAAAAAAAAAAAAAAAAAAAAAAAAAAAAAAAAAAAAAAAAAAAAAAAAAAAAAAAAAAAAAAAA=="
    },
    "node_modules/mirror-pkg": {
      "version": "5.0.0",
      "resolved": "https://evil-mirror.example.com/mirror-pkg/-/mirror-pkg-5.0.0.tgz",
      "integrity": "sha512-BBBBBBBBBBBBBBBBBBBBBBBBBBBBBBBBBBBBBBBBBBBBBBBBBBBBBBBBBBBBBBBBBBBBBBBBBBBBBBBBBBBBBB=="
    }
  },
  "dependencies": {
    "sha1-pkg": {
      "version": "1.0.0",
      "resolved": "https://registry.npmjs.org/sha1-pkg/-/sha1-pkg-1.0.0.tgz",
      "integrity": "sha1-DGmTNDpkbAa3j9zRpFb6FAhJR9I="
    },
    "placeholder-pkg": {
      "version": "2.0.0",
      "resolved": "https://registry.npmjs.org/placeholder-pkg/-/placeholder-pkg-2.0.0.tgz",
      "integrity": "sha512-PLACEHOLDER"
    },
    "no-integrity-pkg": {
      "version": "3.0.0",
      "resolved": "https://registry.npmjs.org/no-integrity-pkg/-/no-integrity-pkg-3.0.0.tgz"
    },
    "insecure-pkg": {
      "version": "4.0.0",
      "resolved": "http://registry.npmjs.org/insecure-pkg/-/insecure-pkg-4.0.0.tgz",
      "integrity": "sha512-AAAAAAAAAAAAAAAAAAAAAAAAAAAAAAAAAAAAAAAAAAAAAAAAAAAAAAAAAAAAAAAAAAAAAAAAAAAAAAAAAAAAAA=="
    },
    "mirror-pkg": {
      "version": "5.0.0",
      "resolved": "https://evil-mirror.example.com/mirror-pkg/-/mirror-pkg-5.0.0.tgz",
      "integrity": "sha512-BBBBBBBBBBBBBBBBBBBBBBBBBBBBBBBBBBBBBBBBBBBBBBBBBBBBBBBBBBBBBBBBBBBBBBBBBBBBBBBBBBBBBB=="
    }
  }
}
